{
  "lockfile_version": "1",
  "packages": {
    "bun@latest": {
      "last_modified": "2026-02-11T03:47:03Z",
      "resolved": "github:NixOS/nixpkgs/c05d2232d2feaa4c7a07f1168606917402868195#bun",
      "source": "devbox-search",
      "version": "1.3.9",
      "systems": {
        "aarch64-darwin": {
          "outputs": [
            {
              "name": "out",
              "path": "/nix/store/9z2qr25gz57cpid5r8k6h17hzg8h7nqm-bun-1.3.9",
              "default": true
            }
          ],
          "store_path": "/nix/store/9z2qr25gz57cpid5r8k6h17hzg8h7nqm-bun-1.3.9"
        },
        "aarch64-linux": {
          "outputs": [
            {
              "name": "out",
              "path": "/nix/store/wdjqjz93csdbwcdsr2piz8z0qj0qzc24-bun-1.3.9",
              "default": true
            }
          ],
          "store_path": "/nix/store/wdjqjz93csdbwcdsr2piz8z0qj0qzc24-bun-1.3.9"
        },
        "x86_64-darwin": {
          "outputs": [
            {
              "name": "out",
              "path": "/nix/store/1mz6k9a73nafyjbdzwj2widhbj6gdd71-bun-1.3.9",
              "default": true
            }
          ],
          "store_path": "/nix/store/1mz6k9a73nafyjbdzwj2widhbj6gdd71-bun-1.3.9"
        },
        "x86_64-linux": {
          "outputs": [
            {
              "name": "out",
              "path": "/nix/store/32ny48glvmdgpamsqp2ra8bdwl59bjfw-bun-1.3.9",
              "default": true
            }
          ],
          "store_path": "/nix/store/32ny48glvmdgpamsqp2ra8bdwl59bjfw-bun-1.3.9"
        }
      }
    },
    "chromium@latest": {
      "last_modified": "2026-03-21T07:29:51Z",
      "resolved": "github:NixOS/nixpkgs/09061f748ee21f68a089cd5d91ec1859cd93d0be#chromium",
      "source": "devbox-search",
      "version": "146.0.7680.153",
      "systems": {
        "aarch64-linux": {
          "outputs": [
            {
              "name": "out",
              "path": "/nix/store/y0w3d9px4a4sgmjbig0wr9zp77nq7kp3-chromium-146.0.7680.153",
              "default": true
            },
            {
              "name": "sandbox",
              "path": "/nix/store/alywlgk74mvjgn9270qimfb4s3mvkqbl-chromium-146.0.7680.153-sandbox"
            }
          ],
          "store_path": "/nix/store/y0w3d9px4a4sgmjbig0wr9zp77nq7kp3-chromium-146.0.7680.153"
        },
        "x86_64-linux": {
          "outputs": [
            {
              "name": "out",
              "path": "/nix/store/jhmp9kj913vng0asrcpsi2fxvwj9vv0s-chromium-146.0.7680.153",
              "default": true
            },
            {
              "name": "sandbox",
              "path": "/nix/store/hp0pds8cvcpprk77z5v7r953fzy2iz1w-chromium-146.0.7680.153-sandbox"
            }
          ],
          "store_path": "/nix/store/jhmp9kj913vng0asrcpsi2fxvwj9vv0s-chromium-146.0.7680.153"
        }
      }
    },
    "claude-code@latest": {
      "last_modified": "2026-02-27T06:27:13Z",
      "resolved": "github:NixOS/nixpkgs/c0f3d81a7ddbc2b1332be0d8481a672b4f6004d6#claude-code",
      "source": "devbox-search",
      "version": "2.1.59",
      "systems": {
        "aarch64-darwin": {
          "outputs": [
            {
              "name": "out",
              "path": "/nix/store/m22wwnn4b3hlzgfq9c45ayinzljbc183-claude-code-2.1.59",
              "default": true
            }
          ],
          "store_path": "/nix/store/m22wwnn4b3hlzgfq9c45ayinzljbc183-claude-code-2.1.59"
        },
        "aarch64-linux": {
          "outputs": [
            {
              "name": "out",
              "path": "/nix/store/xgv9664p3q8nmzlkkgsbzfljh4n8nz8j-claude-code-2.1.59",
              "default": true
            }
          ],
          "store_path": "/nix/store/xgv9664p3q8nmzlkkgsbzfljh4n8nz8j-claude-code-2.1.59"
        },
        "x86_64-darwin": {
          "outputs": [
            {
              "name": "out",
              "path": "/nix/store/xyhc4ys8ng585dbvriximicqkbrg5yda-claude-code-2.1.59",
              "default": true
            }
          ],
          "store_path": "/nix/store/xyhc4ys8ng585dbvriximicqkbrg5yda-claude-code-2.1.59"
        },
        "x86_64-linux": {
          "outputs": [
            {
              "name": "out",
              "path": "/nix/store/c0szkvghm2knwa6i1lgvbxjl8mlg34x5-claude-code-2.1.59",
              "default": true
            }
          ],
          "store_path": "/nix/store/c0szkvghm2knwa6i1lgvbxjl8mlg34x5-claude-code-2.1.59"
        }
      }
    },
    "dagger@latest": {
      "last_modified": "2023-10-15T14:24:03Z",
      "resolved": "github:NixOS/nixpkgs/12bdeb01ff9e2d3917e6a44037ed7df6e6c3df9d#dagger",
      "source": "devbox-search",
      "version": "0.8.8",
      "systems": {
        "aarch64-darwin": {
          "outputs": [
            {
              "name": "out",
              "path": "/nix/store/6122yp2f4jihyc1mfg43ihq0dsbd8daw-dagger-0.8.8",
              "default": true
            }
          ],
          "store_path": "/nix/store/6122yp2f4jihyc1mfg43ihq0dsbd8daw-dagger-0.8.8"
        },
        "aarch64-linux": {
          "outputs": [
            {
              "name": "out",
              "path": "/nix/store/jzdw4vnjw2dix8i3c66l1qw2frr3v5as-dagger-0.8.8",
              "default": true
            }
          ],
          "store_path": "/nix/store/jzdw4vnjw2dix8i3c66l1qw2frr3v5as-dagger-0.8.8"
        },
        "x86_64-darwin": {
          "outputs": [
            {
              "name": "out",
              "path": "/nix/store/sra5844nczr02jzmzq71wrjda462qg32-dagger-0.8.8",
              "default": true
            }
          ],
          "store_path": "/nix/store/sra5844nczr02jzmzq71wrjda462qg32-dagger-0.8.8"
        },
        "x86_64-linux": {
          "outputs": [
            {
              "name": "out",
              "path": "/nix/store/x28iymrc9y01yswccxanrkdbhwjj3b79-dagger-0.8.8",
              "default": true
            }
          ],
          "store_path": "/nix/store/x28iymrc9y01yswccxanrkdbhwjj3b79-dagger-0.8.8"
        }
      }
    },
    "delve@1.26.0": {
      "last_modified": "2026-02-23T15:40:43Z",
      "resolved": "github:NixOS/nixpkgs/80d901ec0377e19ac3f7bb8c035201e2e098cc97#delve",
      "source": "devbox-search",
      "version": "1.26.0",
      "systems": {
        "aarch64-darwin": {
          "outputs": [
            {
              "name": "out",
              "path": "/nix/store/36a6xa4m38lv854ay1yrcalh0nr7ilxf-delve-1.26.0",
              "default": true
            }
          ],
          "store_path": "/nix/store/36a6xa4m38lv854ay1yrcalh0nr7ilxf-delve-1.26.0"
        },
        "aarch64-linux": {
          "outputs": [
            {
              "name": "out",
              "path": "/nix/store/yz73jca4a47yhhza7pxzw14s40xjrvbz-delve-1.26.0",
              "default": true
            }
          ],
          "store_path": "/nix/store/yz73jca4a47yhhza7pxzw14s40xjrvbz-delve-1.26.0"
        },
        "x86_64-darwin": {
          "outputs": [
            {
              "name": "out",
              "path": "/nix/store/yad9vkvhsqbzdbicbrid889d8lf9p3l3-delve-1.26.0",
              "default": true
            }
          ],
          "store_path": "/nix/store/yad9vkvhsqbzdbicbrid889d8lf9p3l3-delve-1.26.0"
        },
        "x86_64-linux": {
          "outputs": [
            {
              "name": "out",
              "path": "/nix/store/308g0qj2aw6mhd1s3d7nnms630adi8ww-delve-1.26.0",
              "default": true
            }
          ],
          "store_path": "/nix/store/308g0qj2aw6mhd1s3d7nnms630adi8ww-delve-1.26.0"
        }
      }
    },
    "github:NixOS/nixpkgs/nixpkgs-unstable": {
      "last_modified": "2026-02-16T02:09:13Z",
      "resolved": "github:NixOS/nixpkgs/d1c15b7d5806069da59e819999d70e1cec0760bf?lastModified=1771207753&narHash=sha256-b9uG8yN50DRQ6A7JdZBfzq718ryYrlmGgqkRm9OOwCE%3D"
    },
    "github:em-jones/staccato-toolkit": {
      "last_modified": "2026-03-02T20:17:37Z",
      "resolved": "github:em-jones/staccato-toolkit/f57ac4d91912b2dc2545c13d65725e9735efae07?lastModified=1772482657&narHash=sha256-Jjd2dP4wIV2VLNd%2FPkmdiha4GLr4cXIYY6GII7383Xg%3D"
    },
    "go-task@latest": {
      "last_modified": "2026-02-23T15:40:43Z",
      "resolved": "github:NixOS/nixpkgs/80d901ec0377e19ac3f7bb8c035201e2e098cc97#go-task",
      "source": "devbox-search",
      "version": "3.48.0",
      "systems": {
        "aarch64-darwin": {
          "outputs": [
            {
              "name": "out",
              "path": "/nix/store/lwkw29yi53lijzfjqcp01jkaqa5493wi-go-task-3.48.0",
              "default": true
            }
          ],
          "store_path": "/nix/store/lwkw29yi53lijzfjqcp01jkaqa5493wi-go-task-3.48.0"
        },
        "aarch64-linux": {
          "outputs": [
            {
              "name": "out",
              "path": "/nix/store/f6g3n71njj281hawy8chz56c6dy6icb9-go-task-3.48.0",
              "default": true
            }
          ],
          "store_path": "/nix/store/f6g3n71njj281hawy8chz56c6dy6icb9-go-task-3.48.0"
        },
        "x86_64-darwin": {
          "outputs": [
            {
              "name": "out",
              "path": "/nix/store/8ncbi1skdp8x0h5abwxrawffknrascmq-go-task-3.48.0",
              "default": true
            }
          ],
          "store_path": "/nix/store/8ncbi1skdp8x0h5abwxrawffknrascmq-go-task-3.48.0"
        },
        "x86_64-linux": {
          "outputs": [
            {
              "name": "out",
              "path": "/nix/store/5divyc7qn687x3cyq5gnyh46vgx7g9by-go-task-3.48.0",
              "default": true
            }
          ],
          "store_path": "/nix/store/5divyc7qn687x3cyq5gnyh46vgx7g9by-go-task-3.48.0"
        }
      }
    },
    "go@latest": {
      "last_modified": "2026-02-11T12:16:34Z",
      "resolved": "github:NixOS/nixpkgs/8482c7ded03bae7550f3d69884f1e611e3bd19e8#go_1_26",
      "source": "devbox-search",
      "version": "1.26.0",
      "systems": {
        "aarch64-darwin": {
          "outputs": [
            {
              "name": "out",
              "path": "/nix/store/sz1ry9vf187bzdvsalla73ycxwfjv3pq-go-1.26.0",
              "default": true
            }
          ],
          "store_path": "/nix/store/sz1ry9vf187bzdvsalla73ycxwfjv3pq-go-1.26.0"
        },
        "aarch64-linux": {
          "outputs": [
            {
              "name": "out",
              "path": "/nix/store/1wl6q7df9z3p8gambi2ndp5s5igr4h61-go-1.26.0",
              "default": true
            }
          ],
          "store_path": "/nix/store/1wl6q7df9z3p8gambi2ndp5s5igr4h61-go-1.26.0"
        },
        "x86_64-darwin": {
          "outputs": [
            {
              "name": "out",
              "path": "/nix/store/r5bwcb31acswg4nirdblmz1zzkci6bj3-go-1.26.0",
              "default": true
            }
          ],
          "store_path": "/nix/store/r5bwcb31acswg4nirdblmz1zzkci6bj3-go-1.26.0"
        },
        "x86_64-linux": {
          "outputs": [
            {
              "name": "out",
              "path": "/nix/store/kgwkx0l54snkkgzbmg8cw89i1g8v1dqw-go-1.26.0",
              "default": true
            }
          ],
          "store_path": "/nix/store/kgwkx0l54snkkgzbmg8cw89i1g8v1dqw-go-1.26.0"
        }
      }
    },
    "golangci-lint@latest": {
      "last_modified": "2026-02-11T21:01:36Z",
      "resolved": "github:NixOS/nixpkgs/2343bbb58f99267223bc2aac4fc9ea301a155a16#golangci-lint",
      "source": "devbox-search",
      "version": "2.9.0",
      "systems": {
        "aarch64-darwin": {
          "outputs": [
            {
              "name": "out",
              "path": "/nix/store/d58cy4knp90177kgyjw76qlgxwrmz39r-golangci-lint-2.9.0",
              "default": true
            }
          ],
          "store_path": "/nix/store/d58cy4knp90177kgyjw76qlgxwrmz39r-golangci-lint-2.9.0"
        },
        "aarch64-linux": {
          "outputs": [
            {
              "name": "out",
              "path": "/nix/store/0pmkfq41ay1hdz64lkvfqxyfd41ir1k6-golangci-lint-2.9.0",
              "default": true
            }
          ],
          "store_path": "/nix/store/0pmkfq41ay1hdz64lkvfqxyfd41ir1k6-golangci-lint-2.9.0"
        },
        "x86_64-darwin": {
          "outputs": [
            {
              "name": "out",
              "path": "/nix/store/c2aa1drrmj4ahhcg87nm2arlh9gv4s5y-golangci-lint-2.9.0",
              "default": true
            }
          ],
          "store_path": "/nix/store/c2aa1drrmj4ahhcg87nm2arlh9gv4s5y-golangci-lint-2.9.0"
        },
        "x86_64-linux": {
          "outputs": [
            {
              "name": "out",
              "path": "/nix/store/z4hziw97m0z1zlrn27pyk53s13czn1gi-golangci-lint-2.9.0",
              "default": true
            }
          ],
          "store_path": "/nix/store/z4hziw97m0z1zlrn27pyk53s13czn1gi-golangci-lint-2.9.0"
        }
      }
    },
    "k3s@latest": {
      "last_modified": "2026-02-27T06:27:13Z",
      "resolved": "github:NixOS/nixpkgs/c0f3d81a7ddbc2b1332be0d8481a672b4f6004d6#k3s",
      "source": "devbox-search",
      "version": "1.34.4+k3s1",
      "systems": {
        "aarch64-linux": {
          "outputs": [
            {
              "name": "out",
              "path": "/nix/store/h11fc22krl11ywki4zmiwxbs2j22m4pz-k3s-1.34.4+k3s1",
              "default": true
            }
          ],
          "store_path": "/nix/store/h11fc22krl11ywki4zmiwxbs2j22m4pz-k3s-1.34.4+k3s1"
        },
        "x86_64-linux": {
          "outputs": [
            {
              "name": "out",
              "path": "/nix/store/8175vaj2fiwchh6vd527lxs63xh18gix-k3s-1.34.4+k3s1",
              "default": true
            }
          ],
          "store_path": "/nix/store/8175vaj2fiwchh6vd527lxs63xh18gix-k3s-1.34.4+k3s1"
        }
      }
    },
    "k9s@latest": {
      "last_modified": "2026-02-23T15:40:43Z",
      "resolved": "github:NixOS/nixpkgs/80d901ec0377e19ac3f7bb8c035201e2e098cc97#k9s",
      "source": "devbox-search",
      "version": "0.50.18",
      "systems": {
        "aarch64-darwin": {
          "outputs": [
            {
              "name": "out",
              "path": "/nix/store/srwy9nk8jmv9197czb3xaj3aqjzvdzag-k9s-0.50.18",
              "default": true
            }
          ],
          "store_path": "/nix/store/srwy9nk8jmv9197czb3xaj3aqjzvdzag-k9s-0.50.18"
        },
        "aarch64-linux": {
          "outputs": [
            {
              "name": "out",
              "path": "/nix/store/6a6dig68k1q9n9rfay8cf3a0m7v1aqln-k9s-0.50.18",
              "default": true
            }
          ],
          "store_path": "/nix/store/6a6dig68k1q9n9rfay8cf3a0m7v1aqln-k9s-0.50.18"
        },
        "x86_64-darwin": {
          "outputs": [
            {
              "name": "out",
              "path": "/nix/store/n7ajxl2nq0jjxkxnj2s3gslibrkcq2hf-k9s-0.50.18",
              "default": true
            }
          ],
          "store_path": "/nix/store/n7ajxl2nq0jjxkxnj2s3gslibrkcq2hf-k9s-0.50.18"
        },
        "x86_64-linux": {
          "outputs": [
            {
              "name": "out",
              "path": "/nix/store/yn6znqp1sbpn4k7k6spj8mi04gy0ci6j-k9s-0.50.18",
              "default": true
            }
          ],
          "store_path": "/nix/store/yn6znqp1sbpn4k7k6spj8mi04gy0ci6j-k9s-0.50.18"
        }
      }
    },
    "kubectl@latest": {
      "last_modified": "2026-02-23T15:40:43Z",
      "resolved": "github:NixOS/nixpkgs/80d901ec0377e19ac3f7bb8c035201e2e098cc97#kubectl",
      "source": "devbox-search",
      "version": "1.35.0",
      "systems": {
        "aarch64-darwin": {
          "outputs": [
            {
              "name": "out",
              "path": "/nix/store/vc9x3pbgiayy7404pizw2597ckxbx5iv-kubectl-1.35.0",
              "default": true
            },
            {
              "name": "man",
              "path": "/nix/store/kkw3fydnm0j5623by42z87z88x65j3da-kubectl-1.35.0-man",
              "default": true
            },
            {
              "name": "convert",
              "path": "/nix/store/z7sjfxgi8hfxp2lhnmsc8cxrivq47388-kubectl-1.35.0-convert"
            }
          ],
          "store_path": "/nix/store/vc9x3pbgiayy7404pizw2597ckxbx5iv-kubectl-1.35.0"
        },
        "aarch64-linux": {
          "outputs": [
            {
              "name": "out",
              "path": "/nix/store/dwv1pr9ammi7nvg2wrh8i1b1pc4s1kdc-kubectl-1.35.0",
              "default": true
            },
            {
              "name": "man",
              "path": "/nix/store/5xpp0xycjgp6a4j4m0p3imfx60nm8qk1-kubectl-1.35.0-man",
              "default": true
            },
            {
              "name": "convert",
              "path": "/nix/store/z9sdg7h4g18pjxsammdn8v99mxfiwanq-kubectl-1.35.0-convert"
            }
          ],
          "store_path": "/nix/store/dwv1pr9ammi7nvg2wrh8i1b1pc4s1kdc-kubectl-1.35.0"
        },
        "x86_64-darwin": {
          "outputs": [
            {
              "name": "out",
              "path": "/nix/store/aspny4z58b3ggw0v4dayngrxjgqhfkwh-kubectl-1.35.0",
              "default": true
            },
            {
              "name": "man",
              "path": "/nix/store/39lj9l9nr6q1il6x3gwvrxbncawkjicf-kubectl-1.35.0-man",
              "default": true
            },
            {
              "name": "convert",
              "path": "/nix/store/8nfmr74j1ls3parfa3l6zglfgmzm7a99-kubectl-1.35.0-convert"
            }
          ],
          "store_path": "/nix/store/aspny4z58b3ggw0v4dayngrxjgqhfkwh-kubectl-1.35.0"
        },
        "x86_64-linux": {
          "outputs": [
            {
              "name": "out",
              "path": "/nix/store/36ji0srf1rf0fhk27410g3i0njwqrfb3-kubectl-1.35.0",
              "default": true
            },
            {
              "name": "man",
              "path": "/nix/store/11329ky5q3yd8h6b2f6dilhxd93lp6a9-kubectl-1.35.0-man",
              "default": true
            },
            {
              "name": "convert",
              "path": "/nix/store/lzbrmcxx8zwjyi3k18f5jdv8axrgcyz8-kubectl-1.35.0-convert"
            }
          ],
          "store_path": "/nix/store/36ji0srf1rf0fhk27410g3i0njwqrfb3-kubectl-1.35.0"
        }
      }
    },
    "kubevela@latest": {
      "last_modified": "2026-02-23T15:40:43Z",
      "resolved": "github:NixOS/nixpkgs/80d901ec0377e19ac3f7bb8c035201e2e098cc97#kubevela",
      "source": "devbox-search",
      "version": "1.10.7",
      "systems": {
        "aarch64-darwin": {
          "outputs": [
            {
              "name": "out",
              "path": "/nix/store/prw9p02rardjvll0gdzcw1377xdjkx3p-kubevela-1.10.7",
              "default": true
            }
          ],
          "store_path": "/nix/store/prw9p02rardjvll0gdzcw1377xdjkx3p-kubevela-1.10.7"
        },
        "aarch64-linux": {
          "outputs": [
            {
              "name": "out",
              "path": "/nix/store/whwsffi83dbz4882f5mh8ksibss4cc5p-kubevela-1.10.7",
              "default": true
            }
          ],
          "store_path": "/nix/store/whwsffi83dbz4882f5mh8ksibss4cc5p-kubevela-1.10.7"
        },
        "x86_64-darwin": {
          "outputs": [
            {
              "name": "out",
              "path": "/nix/store/pjzgraywziaj6r4c50kgrxy0ad0g61xk-kubevela-1.10.7",
              "default": true
            }
          ],
          "store_path": "/nix/store/pjzgraywziaj6r4c50kgrxy0ad0g61xk-kubevela-1.10.7"
        },
        "x86_64-linux": {
          "outputs": [
            {
              "name": "out",
              "path": "/nix/store/grcr05rm0i114v9rhpbi6d5x0csvvjiq-kubevela-1.10.7",
              "default": true
            }
          ],
          "store_path": "/nix/store/grcr05rm0i114v9rhpbi6d5x0csvvjiq-kubevela-1.10.7"
        }
      }
    },
    "lychee@latest": {
      "last_modified": "2026-02-23T15:40:43Z",
      "resolved": "github:NixOS/nixpkgs/80d901ec0377e19ac3f7bb8c035201e2e098cc97#lychee",
      "source": "devbox-search",
      "version": "0.22.0-unstable-2025-12-05",
      "systems": {
        "aarch64-darwin": {
          "outputs": [
            {
              "name": "out",
              "path": "/nix/store/7yvxdwxkx4cqj8snrxzsipw5jvi871y6-lychee-0.22.0-unstable-2025-12-05",
              "default": true
            }
          ],
          "store_path": "/nix/store/7yvxdwxkx4cqj8snrxzsipw5jvi871y6-lychee-0.22.0-unstable-2025-12-05"
        },
        "aarch64-linux": {
          "outputs": [
            {
              "name": "out",
              "path": "/nix/store/ypdl2g83kci055kng2ad8cx7ba1xhp7w-lychee-0.22.0-unstable-2025-12-05",
              "default": true
            }
          ],
          "store_path": "/nix/store/ypdl2g83kci055kng2ad8cx7ba1xhp7w-lychee-0.22.0-unstable-2025-12-05"
        },
        "x86_64-darwin": {
          "outputs": [
            {
              "name": "out",
              "path": "/nix/store/pqd67166mffg5xakpkqdqcpj1m5mjq7z-lychee-0.22.0-unstable-2025-12-05",
              "default": true
            }
          ],
          "store_path": "/nix/store/pqd67166mffg5xakpkqdqcpj1m5mjq7z-lychee-0.22.0-unstable-2025-12-05"
        },
        "x86_64-linux": {
          "outputs": [
            {
              "name": "out",
              "path": "/nix/store/qmi2lnjrj7njxapzirmh5m35ihzz3yp1-lychee-0.22.0-unstable-2025-12-05",
              "default": true
            }
          ],
          "store_path": "/nix/store/qmi2lnjrj7njxapzirmh5m35ihzz3yp1-lychee-0.22.0-unstable-2025-12-05"
        }
      }
    },
    "minikube@latest": {
      "last_modified": "2026-03-04T17:06:11Z",
      "resolved": "github:NixOS/nixpkgs/400de68cd101e8cfebffea121397683caf7f5a34#minikube",
      "source": "devbox-search",
      "version": "1.38.1",
      "systems": {
        "aarch64-darwin": {
          "outputs": [
            {
              "name": "out",
              "path": "/nix/store/li7qzs1fg6nq58p5jz3yk592d8r78s0g-minikube-1.38.1",
              "default": true
            }
          ],
          "store_path": "/nix/store/li7qzs1fg6nq58p5jz3yk592d8r78s0g-minikube-1.38.1"
        },
        "aarch64-linux": {
          "outputs": [
            {
              "name": "out",
              "path": "/nix/store/b2na18zg9bsd1jkbbjgpzyi8a1rckzh4-minikube-1.38.1",
              "default": true
            }
          ],
          "store_path": "/nix/store/b2na18zg9bsd1jkbbjgpzyi8a1rckzh4-minikube-1.38.1"
        },
        "x86_64-darwin": {
          "outputs": [
            {
              "name": "out",
              "path": "/nix/store/qp1nwzlxplzvma1bm8sw27s29km5njk7-minikube-1.38.1",
              "default": true
            }
          ],
          "store_path": "/nix/store/qp1nwzlxplzvma1bm8sw27s29km5njk7-minikube-1.38.1"
        },
        "x86_64-linux": {
          "outputs": [
            {
              "name": "out",
              "path": "/nix/store/qjjsca2f01mv2z6fc8bbpmdq2lsbf5ys-minikube-1.38.1",
              "default": true
            }
          ],
          "store_path": "/nix/store/qjjsca2f01mv2z6fc8bbpmdq2lsbf5ys-minikube-1.38.1"
        }
      }
    },
    "nodejs-slim@24.13.0": {
      "last_modified": "2026-02-10T02:06:53Z",
      "plugin_version": "0.0.2",
      "resolved": "github:NixOS/nixpkgs/49d75834011c94a120a9cb874ac1c4d8b7bfc767#nodejs-slim",
      "source": "devbox-search",
      "version": "24.13.0",
      "systems": {
        "aarch64-darwin": {
          "outputs": [
            {
              "name": "out",
              "path": "/nix/store/cn9gmhgc32cmypvf31bhyqrza654dkdr-nodejs-slim-24.13.0",
              "default": true
            },
            {
              "name": "dev",
              "path": "/nix/store/5yk9yr1fyf6dd3zxfn8haa9qmrfsfax1-nodejs-slim-24.13.0-dev"
            },
            {
              "name": "libv8",
              "path": "/nix/store/fv4wj52yv80q08db8ifkj9lkn5p3nx8p-nodejs-slim-24.13.0-libv8"
            }
          ],
          "store_path": "/nix/store/cn9gmhgc32cmypvf31bhyqrza654dkdr-nodejs-slim-24.13.0"
        },
        "aarch64-linux": {
          "outputs": [
            {
              "name": "out",
              "path": "/nix/store/4cbz98sm8bqzgqfk0wxvhgdkcjq0938m-nodejs-slim-24.13.0",
              "default": true
            },
            {
              "name": "dev",
              "path": "/nix/store/qg1qxv88sdb37ylm65szkixrm8z85239-nodejs-slim-24.13.0-dev"
            },
            {
              "name": "libv8",
              "path": "/nix/store/kzpgfihf478379zhn38rc6j40n1l9ysy-nodejs-slim-24.13.0-libv8"
            }
          ],
          "store_path": "/nix/store/4cbz98sm8bqzgqfk0wxvhgdkcjq0938m-nodejs-slim-24.13.0"
        },
        "x86_64-darwin": {
          "outputs": [
            {
              "name": "out",
              "path": "/nix/store/4nx63lcr5zic1rqwyq9y8k084h9spqmv-nodejs-slim-24.13.0",
              "default": true
            },
            {
              "name": "dev",
              "path": "/nix/store/k989y6y7052hjhghnfgasaiqa28yq2d0-nodejs-slim-24.13.0-dev"
            },
            {
              "name": "libv8",
              "path": "/nix/store/mrxqyw7m5xzcsaf2fgqwlr2kb83cmr6h-nodejs-slim-24.13.0-libv8"
            }
          ],
          "store_path": "/nix/store/4nx63lcr5zic1rqwyq9y8k084h9spqmv-nodejs-slim-24.13.0"
        },
        "x86_64-linux": {
          "outputs": [
            {
              "name": "out",
              "path": "/nix/store/qp18rkx1bcq79r5s68445hz92psym1dz-nodejs-slim-24.13.0",
              "default": true
            },
            {
              "name": "dev",
              "path": "/nix/store/b1rd6r84xayvlrnqhfswvlr148b0jw9i-nodejs-slim-24.13.0-dev"
            },
            {
              "name": "libv8",
              "path": "/nix/store/d5mv0wgjr8kvhimakhw65xnq7a9dyrbb-nodejs-slim-24.13.0-libv8"
            }
          ],
          "store_path": "/nix/store/qp18rkx1bcq79r5s68445hz92psym1dz-nodejs-slim-24.13.0"
        }
      }
    },
    "podman@latest": {
      "last_modified": "2026-02-23T15:40:43Z",
      "resolved": "github:NixOS/nixpkgs/80d901ec0377e19ac3f7bb8c035201e2e098cc97#podman",
      "source": "devbox-search",
      "version": "5.8.0",
      "systems": {
        "aarch64-darwin": {
          "outputs": [
            {
              "name": "out",
              "path": "/nix/store/4g1cnli6c4kshzfqi4pkq7845a3p1777-podman-5.8.0",
              "default": true
            },
            {
              "name": "man",
              "path": "/nix/store/0rj799bx0wf48p593rmhc9dv87mz1l5y-podman-5.8.0-man",
              "default": true
            }
          ],
          "store_path": "/nix/store/4g1cnli6c4kshzfqi4pkq7845a3p1777-podman-5.8.0"
        },
        "aarch64-linux": {
          "outputs": [
            {
              "name": "out",
              "path": "/nix/store/yflshcgxip7hgrkxsc17awm4rfa3qb11-podman-5.8.0",
              "default": true
            },
            {
              "name": "man",
              "path": "/nix/store/skgxphd4rw5n4pqqylaf3pg6vh8qdgx1-podman-5.8.0-man",
              "default": true
            }
          ],
          "store_path": "/nix/store/yflshcgxip7hgrkxsc17awm4rfa3qb11-podman-5.8.0"
        },
        "x86_64-darwin": {
          "outputs": [
            {
              "name": "out",
              "path": "/nix/store/v438kjadqnj4d4zipkbbql1mn2633qsd-podman-5.8.0",
              "default": true
            },
            {
              "name": "man",
              "path": "/nix/store/2707gmnfxh28i1hhhrgg56wap7s1rbcp-podman-5.8.0-man",
              "default": true
            }
          ],
          "store_path": "/nix/store/v438kjadqnj4d4zipkbbql1mn2633qsd-podman-5.8.0"
        },
        "x86_64-linux": {
          "outputs": [
            {
              "name": "out",
              "path": "/nix/store/kh4f26lk43kps4plzhxrjwsrhsyjn1f2-podman-5.8.0",
              "default": true
            },
            {
              "name": "man",
              "path": "/nix/store/7br1i9v6mlh54vv3xx4jss82b8wnwfk6-podman-5.8.0-man",
              "default": true
            }
          ],
          "store_path": "/nix/store/kh4f26lk43kps4plzhxrjwsrhsyjn1f2-podman-5.8.0"
        }
      }
    },
    "rootlesskit@latest": {
      "last_modified": "2026-02-23T15:40:43Z",
      "resolved": "github:NixOS/nixpkgs/80d901ec0377e19ac3f7bb8c035201e2e098cc97#rootlesskit",
      "source": "devbox-search",
      "version": "2.3.6",
      "systems": {
        "aarch64-linux": {
          "outputs": [
            {
              "name": "out",
              "path": "/nix/store/qplmy7lb9902hjhz1p9jskiyvb85kc2n-rootlesskit-2.3.6",
              "default": true
            }
          ],
          "store_path": "/nix/store/qplmy7lb9902hjhz1p9jskiyvb85kc2n-rootlesskit-2.3.6"
        },
        "x86_64-linux": {
          "outputs": [
            {
              "name": "out",
              "path": "/nix/store/1whg68gwyb9q9jjasqvjigqs3jma9q7y-rootlesskit-2.3.6",
              "default": true
            }
          ],
          "store_path": "/nix/store/1whg68gwyb9q9jjasqvjigqs3jma9q7y-rootlesskit-2.3.6"
        }
      }
    },
    "shellcheck@latest": {
      "last_modified": "2026-02-23T15:40:43Z",
      "resolved": "github:NixOS/nixpkgs/80d901ec0377e19ac3f7bb8c035201e2e098cc97#shellcheck",
      "source": "devbox-search",
      "version": "0.11.0",
      "systems": {
        "aarch64-darwin": {
          "outputs": [
            {
              "name": "bin",
              "path": "/nix/store/adhxjbq5402r6vzbjkiir7cbblc0yrh8-shellcheck-0.11.0-bin",
              "default": true
            },
            {
              "name": "man",
              "path": "/nix/store/hr9cii9wgnabh04bahlk76ssmjc7lmsy-shellcheck-0.11.0-man",
              "default": true
            },
            {
              "name": "doc",
              "path": "/nix/store/41cc95q6jff4aw4lxpndvajidl1lsvdq-shellcheck-0.11.0-doc",
              "default": true
            },
            {
              "name": "out",
              "path": "/nix/store/168k09jnrsnzaj4dx2ms987ncwk6q38a-shellcheck-0.11.0"
            }
          ],
          "store_path": "/nix/store/adhxjbq5402r6vzbjkiir7cbblc0yrh8-shellcheck-0.11.0-bin"
        },
        "aarch64-linux": {
          "outputs": [
            {
              "name": "bin",
              "path": "/nix/store/265r98p68pgj5wd7k9fdq9jq2kvikxcs-shellcheck-0.11.0-bin",
              "default": true
            },
            {
              "name": "man",
              "path": "/nix/store/ij1aai8kr64xjwiwz8pdfw1bg7k3bsgx-shellcheck-0.11.0-man",
              "default": true
            },
            {
              "name": "doc",
              "path": "/nix/store/swp7wmafcggw1ahb01lmwpvc32j0m1a2-shellcheck-0.11.0-doc",
              "default": true
            },
            {
              "name": "out",
              "path": "/nix/store/cji2z7y449ga9w7w68w78h2hfbvv571g-shellcheck-0.11.0"
            }
          ],
          "store_path": "/nix/store/265r98p68pgj5wd7k9fdq9jq2kvikxcs-shellcheck-0.11.0-bin"
        },
        "x86_64-darwin": {
          "outputs": [
            {
              "name": "bin",
              "path": "/nix/store/gm56ybh3133ly1zxv3hpjqvfdnyqpbia-shellcheck-0.11.0-bin",
              "default": true
            },
            {
              "name": "man",
              "path": "/nix/store/wqs82cfxvj50gsfbznb4f2jscml6d9a1-shellcheck-0.11.0-man",
              "default": true
            },
            {
              "name": "doc",
              "path": "/nix/store/d2yysmry3x6d323i03n120nl5v3h5m6y-shellcheck-0.11.0-doc",
              "default": true
            },
            {
              "name": "out",
              "path": "/nix/store/9rrvdy73jfzrmmw0ms1x13az0qxk1sws-shellcheck-0.11.0"
            }
          ],
          "store_path": "/nix/store/gm56ybh3133ly1zxv3hpjqvfdnyqpbia-shellcheck-0.11.0-bin"
        },
        "x86_64-linux": {
          "outputs": [
            {
              "name": "bin",
              "path": "/nix/store/i5kmqg3q40a7n5v0ax06rh22l9qp3xhm-shellcheck-0.11.0-bin",
              "default": true
            },
            {
              "name": "man",
              "path": "/nix/store/ac82h7mc2zdzn4cy0lkypfs9zdc0yc0c-shellcheck-0.11.0-man",
              "default": true
            },
            {
              "name": "doc",
              "path": "/nix/store/vprzjlx9a7f0pz9dx9kbpfzrn4imxnmi-shellcheck-0.11.0-doc",
              "default": true
            },
            {
              "name": "out",
              "path": "/nix/store/9lmh68dxfi83ip9al0dpjjlmclb3gq1x-shellcheck-0.11.0"
            }
          ],
          "store_path": "/nix/store/i5kmqg3q40a7n5v0ax06rh22l9qp3xhm-shellcheck-0.11.0-bin"
        }
      }
    },
    "shfmt@latest": {
      "last_modified": "2026-02-23T15:40:43Z",
      "resolved": "github:NixOS/nixpkgs/80d901ec0377e19ac3f7bb8c035201e2e098cc97#shfmt",
      "source": "devbox-search",
      "version": "3.12.0",
      "systems": {
        "aarch64-darwin": {
          "outputs": [
            {
              "name": "out",
              "path": "/nix/store/sc8kb91395fw69qcmij89m3bxdmj8gwb-shfmt-3.12.0",
              "default": true
            }
          ],
          "store_path": "/nix/store/sc8kb91395fw69qcmij89m3bxdmj8gwb-shfmt-3.12.0"
        },
        "aarch64-linux": {
          "outputs": [
            {
              "name": "out",
              "path": "/nix/store/a80kl3brskqmq8k861x8hjwnlw94kyfn-shfmt-3.12.0",
              "default": true
            }
          ],
          "store_path": "/nix/store/a80kl3brskqmq8k861x8hjwnlw94kyfn-shfmt-3.12.0"
        },
        "x86_64-darwin": {
          "outputs": [
            {
              "name": "out",
              "path": "/nix/store/hax40r2y50jv8z0rlryfc11gvnhfx7hz-shfmt-3.12.0",
              "default": true
            }
          ],
          "store_path": "/nix/store/hax40r2y50jv8z0rlryfc11gvnhfx7hz-shfmt-3.12.0"
        },
        "x86_64-linux": {
          "outputs": [
            {
              "name": "out",
              "path": "/nix/store/822axjnnxnscgxwval6lrc1bp5q4n9li-shfmt-3.12.0",
              "default": true
            }
          ],
          "store_path": "/nix/store/822axjnnxnscgxwval6lrc1bp5q4n9li-shfmt-3.12.0"
        }
      }
    },
    "uv@latest": {
      "last_modified": "2026-03-21T07:29:51Z",
      "resolved": "github:NixOS/nixpkgs/09061f748ee21f68a089cd5d91ec1859cd93d0be#uv",
      "source": "devbox-search",
      "version": "0.10.12",
      "systems": {
        "aarch64-darwin": {
          "outputs": [
            {
              "name": "out",
              "path": "/nix/store/zcd77xfahbcdc41k8d5p4hhbancz100l-uv-0.10.12",
              "default": true
            }
          ],
          "store_path": "/nix/store/zcd77xfahbcdc41k8d5p4hhbancz100l-uv-0.10.12"
        },
        "aarch64-linux": {
          "outputs": [
            {
              "name": "out",
              "path": "/nix/store/wchd5l7v310s5z7gi0lbpihaqs8rl7n3-uv-0.10.12",
              "default": true
            }
          ],
          "store_path": "/nix/store/wchd5l7v310s5z7gi0lbpihaqs8rl7n3-uv-0.10.12"
        },
        "x86_64-darwin": {
          "outputs": [
            {
              "name": "out",
              "path": "/nix/store/d2anink1srzzfnlil4b9f1qafcjk578w-uv-0.10.12",
              "default": true
            }
          ],
          "store_path": "/nix/store/d2anink1srzzfnlil4b9f1qafcjk578w-uv-0.10.12"
        },
        "x86_64-linux": {
          "outputs": [
            {
              "name": "out",
              "path": "/nix/store/gy92vs7xlhzmic3gjc3dma33nagzdikp-uv-0.10.12",
              "default": true
            }
          ],
          "store_path": "/nix/store/gy92vs7xlhzmic3gjc3dma33nagzdikp-uv-0.10.12"
        }
      }
    },
    "wgo@latest": {
      "last_modified": "2026-03-21T07:29:51Z",
      "resolved": "github:NixOS/nixpkgs/09061f748ee21f68a089cd5d91ec1859cd93d0be#wgo",
      "source": "devbox-search",
      "version": "0.6.3",
      "systems": {
        "aarch64-darwin": {
          "outputs": [
            {
              "name": "out",
              "path": "/nix/store/cr1mrvyvv9n4gq3xhv7m1z784wrzflk7-wgo-0.6.3",
              "default": true
            }
          ],
          "store_path": "/nix/store/cr1mrvyvv9n4gq3xhv7m1z784wrzflk7-wgo-0.6.3"
        },
        "aarch64-linux": {
          "outputs": [
            {
              "name": "out",
              "path": "/nix/store/sxrll4rs1lcpj55cpv18vayrkdgz5hcb-wgo-0.6.3",
              "default": true
            }
          ],
          "store_path": "/nix/store/sxrll4rs1lcpj55cpv18vayrkdgz5hcb-wgo-0.6.3"
        },
        "x86_64-darwin": {
          "outputs": [
            {
              "name": "out",
              "path": "/nix/store/irvi8v3r9a924vcrs1mrq8plz4zjw8fa-wgo-0.6.3",
              "default": true
            }
          ],
          "store_path": "/nix/store/irvi8v3r9a924vcrs1mrq8plz4zjw8fa-wgo-0.6.3"
        },
        "x86_64-linux": {
          "outputs": [
            {
              "name": "out",
              "path": "/nix/store/zy2z27l231jp0ymmnl5wkpdjg4x0cwrd-wgo-0.6.3",
              "default": true
            }
          ],
          "store_path": "/nix/store/zy2z27l231jp0ymmnl5wkpdjg4x0cwrd-wgo-0.6.3"
        }
      }
    },
    "yq-go@4.52.4": {
      "last_modified": "2026-02-23T15:40:43Z",
      "resolved": "github:NixOS/nixpkgs/80d901ec0377e19ac3f7bb8c035201e2e098cc97#yq-go",
      "source": "devbox-search",
      "version": "4.52.4",
      "systems": {
        "aarch64-darwin": {
          "outputs": [
            {
              "name": "out",
              "path": "/nix/store/pylgx3h8185sds4pclpzrsj6d4kx9ixq-yq-go-4.52.4",
              "default": true
            }
          ],
          "store_path": "/nix/store/pylgx3h8185sds4pclpzrsj6d4kx9ixq-yq-go-4.52.4"
        },
        "aarch64-linux": {
          "outputs": [
            {
              "name": "out",
              "path": "/nix/store/l4i5y4brr6f45y5pia48rx1n17q0a1kr-yq-go-4.52.4",
              "default": true
            }
          ],
          "store_path": "/nix/store/l4i5y4brr6f45y5pia48rx1n17q0a1kr-yq-go-4.52.4"
        },
        "x86_64-darwin": {
          "outputs": [
            {
              "name": "out",
              "path": "/nix/store/yw52il24d58bz6516da8y0c8iwv8ckcv-yq-go-4.52.4",
              "default": true
            }
          ],
          "store_path": "/nix/store/yw52il24d58bz6516da8y0c8iwv8ckcv-yq-go-4.52.4"
        },
        "x86_64-linux": {
          "outputs": [
            {
              "name": "out",
              "path": "/nix/store/rjic2hjhbmlch7vj3dnpfc5gppg9l654-yq-go-4.52.4",
              "default": true
            }
          ],
          "store_path": "/nix/store/rjic2hjhbmlch7vj3dnpfc5gppg9l654-yq-go-4.52.4"
        }
      }
    }
  }
}
